// !$*UTF8*$!
{
	archiveVersion = 1;
	classes = {
	};
	objectVersion = 56;
	objects = {

/* Begin PBXBuildFile section */
		FF1EFD5229E7042000B7B9BB /* ObservableViewModelSampleApp.swift in Sources */ = {isa = PBXBuildFile; fileRef = FF1EFD5129E7042000B7B9BB /* ObservableViewModelSampleApp.swift */; };
		FF1EFD5429E7042000B7B9BB /* ContentView.swift in Sources */ = {isa = PBXBuildFile; fileRef = FF1EFD5329E7042000B7B9BB /* ContentView.swift */; };
		FF1EFD5629E7042100B7B9BB /* Assets.xcassets in Resources */ = {isa = PBXBuildFile; fileRef = FF1EFD5529E7042100B7B9BB /* Assets.xcassets */; };
		FF1EFD5929E7042100B7B9BB /* Preview Assets.xcassets in Resources */ = {isa = PBXBuildFile; fileRef = FF1EFD5829E7042100B7B9BB /* Preview Assets.xcassets */; };
		FF1EFD6129E719A400B7B9BB /* ItemsViewModel.swift in Sources */ = {isa = PBXBuildFile; fileRef = FF1EFD6029E719A400B7B9BB /* ItemsViewModel.swift */; };
		FF1EFD6429E719EE00B7B9BB /* Post.swift in Sources */ = {isa = PBXBuildFile; fileRef = FF1EFD6329E719EE00B7B9BB /* Post.swift */; };
		FF1EFD6629E71A2600B7B9BB /* ActionButtonsView.swift in Sources */ = {isa = PBXBuildFile; fileRef = FF1EFD6529E71A2600B7B9BB /* ActionButtonsView.swift */; };
/* End PBXBuildFile section */

/* Begin PBXFileReference section */
		FF1EFD4E29E7042000B7B9BB /* ObservableViewModelSample.app */ = {isa = PBXFileReference; explicitFileType = wrapper.application; includeInIndex = 0; path = ObservableViewModelSample.app; sourceTree = BUILT_PRODUCTS_DIR; };
		FF1EFD5129E7042000B7B9BB /* ObservableViewModelSampleApp.swift */ = {isa = PBXFileReference; lastKnownFileType = sourcecode.swift; path = ObservableViewModelSampleApp.swift; sourceTree = "<group>"; };
		FF1EFD5329E7042000B7B9BB /* ContentView.swift */ = {isa = PBXFileReference; lastKnownFileType = sourcecode.swift; path = ContentView.swift; sourceTree = "<group>"; };
		FF1EFD5529E7042100B7B9BB /* Assets.xcassets */ = {isa = PBXFileReference; lastKnownFileType = folder.assetcatalog; path = Assets.xcassets; sourceTree = "<group>"; };
		FF1EFD5829E7042100B7B9BB /* Preview Assets.xcassets */ = {isa = PBXFileReference; lastKnownFileType = folder.assetcatalog; path = "Preview Assets.xcassets"; sourceTree = "<group>"; };
		FF1EFD6029E719A400B7B9BB /* ItemsViewModel.swift */ = {isa = PBXFileReference; lastKnownFileType = sourcecode.swift; path = ItemsViewModel.swift; sourceTree = "<group>"; };
		FF1EFD6329E719EE00B7B9BB /* Post.swift */ = {isa = PBXFileReference; lastKnownFileType = sourcecode.swift; path = Post.swift; sourceTree = "<group>"; };
		FF1EFD6529E71A2600B7B9BB /* ActionButtonsView.swift */ = {isa = PBXFileReference; lastKnownFileType = sourcecode.swift; path = ActionButtonsView.swift; sourceTree = "<group>"; };
/* End PBXFileReference section */

/* Begin PBXFrameworksBuildPhase section */
		FF1EFD4B29E7042000B7B9BB /* Frameworks */ = {
			isa = PBXFrameworksBuildPhase;
			buildActionMask = 2147483647;
			files = (
			);
			runOnlyForDeploymentPostprocessing = 0;
		};
/* End PBXFrameworksBuildPhase section */

/* Begin PBXGroup section */
		FF1EFD4529E7042000B7B9BB = {
			isa = PBXGroup;
			children = (
				FF1EFD5029E7042000B7B9BB /* ObservableViewModelSample */,
				FF1EFD4F29E7042000B7B9BB /* Products */,
			);
			sourceTree = "<group>";
		};
		FF1EFD4F29E7042000B7B9BB /* Products */ = {
			isa = PBXGroup;
			children = (
				FF1EFD4E29E7042000B7B9BB /* ObservableViewModelSample.app */,
			);
			name = Products;
			sourceTree = "<group>";
		};
		FF1EFD5029E7042000B7B9BB /* ObservableViewModelSample */ = {
			isa = PBXGroup;
			children = (
				FF1EFD5129E7042000B7B9BB /* ObservableViewModelSampleApp.swift */,
				FF1EFD6229E719DC00B7B9BB /* Entities */,
				FF1EFD5F29E7199100B7B9BB /* ViewModel */,
				FF1EFD5329E7042000B7B9BB /* ContentView.swift */,
				FF1EFD6529E71A2600B7B9BB /* ActionButtonsView.swift */,
				FF1EFD5529E7042100B7B9BB /* Assets.xcassets */,
				FF1EFD5729E7042100B7B9BB /* Preview Content */,
			);
			path = ObservableViewModelSample;
			sourceTree = "<group>";
		};
		FF1EFD5729E7042100B7B9BB /* Preview Content */ = {
			isa = PBXGroup;
			children = (
				FF1EFD5829E7042100B7B9BB /* Preview Assets.xcassets */,
			);
			path = "Preview Content";
			sourceTree = "<group>";
		};
		FF1EFD5F29E7199100B7B9BB /* ViewModel */ = {
			isa = PBXGroup;
			children = (
				FF1EFD6029E719A400B7B9BB /* ItemsViewModel.swift */,
			);
			path = ViewModel;
			sourceTree = "<group>";
		};
		FF1EFD6229E719DC00B7B9BB /* Entities */ = {
			isa = PBXGroup;
			children = (
				FF1EFD6329E719EE00B7B9BB /* Post.swift */,
			);
			path = Entities;
			sourceTree = "<group>";
		};
/* End PBXGroup section */

/* Begin PBXNativeTarget section */
		FF1EFD4D29E7042000B7B9BB /* ObservableViewModelSample */ = {
			isa = PBXNativeTarget;
			buildConfigurationList = FF1EFD5C29E7042100B7B9BB /* Build configuration list for PBXNativeTarget "ObservableViewModelSample" */;
			buildPhases = (
				FF1EFD4A29E7042000B7B9BB /* Sources */,
				FF1EFD4B29E7042000B7B9BB /* Frameworks */,
				FF1EFD4C29E7042000B7B9BB /* Resources */,
			);
			buildRules = (
			);
			dependencies = (
			);
			name = ObservableViewModelSample;
			productName = ObservableViewModelSample;
			productReference = FF1EFD4E29E7042000B7B9BB /* ObservableViewModelSample.app */;
			productType = "com.apple.product-type.application";
		};
/* End PBXNativeTarget section */

/* Begin PBXProject section */
		FF1EFD4629E7042000B7B9BB /* Project object */ = {
			isa = PBXProject;
			attributes = {
				BuildIndependentTargetsInParallel = 1;
				LastSwiftUpdateCheck = 1430;
				LastUpgradeCheck = 1430;
				TargetAttributes = {
					FF1EFD4D29E7042000B7B9BB = {
						CreatedOnToolsVersion = 14.3;
					};
				};
			};
			buildConfigurationList = FF1EFD4929E7042000B7B9BB /* Build configuration list for PBXProject "ObservableViewModelSample" */;
			compatibilityVersion = "Xcode 14.0";
			developmentRegion = en;
			hasScannedForEncodings = 0;
			knownRegions = (
				en,
				Base,
			);
			mainGroup = FF1EFD4529E7042000B7B9BB;
			productRefGroup = FF1EFD4F29E7042000B7B9BB /* Products */;
			projectDirPath = "";
			projectRoot = "";
			targets = (
				FF1EFD4D29E7042000B7B9BB /* ObservableViewModelSample */,
			);
		};
/* End PBXProject section */

/* Begin PBXResourcesBuildPhase section */
		FF1EFD4C29E7042000B7B9BB /* Resources */ = {
			isa = PBXResourcesBuildPhase;
			buildActionMask = 2147483647;
			files = (
				FF1EFD5929E7042100B7B9BB /* Preview Assets.xcassets in Resources */,
				FF1EFD5629E7042100B7B9BB /* Assets.xcassets in Resources */,
			);
			runOnlyForDeploymentPostprocessing = 0;
		};
/* End PBXResourcesBuildPhase section */

/* Begin PBXSourcesBuildPhase section */
		FF1EFD4A29E7042000B7B9BB /* Sources */ = {
			isa = PBXSourcesBuildPhase;
			buildActionMask = 2147483647;
			files = (
				FF1EFD5429E7042000B7B9BB /* ContentView.swift in Sources */,
				FF1EFD5229E7042000B7B9BB /* ObservableViewModelSampleApp.swift in Sources */,
				FF1EFD6629E71A2600B7B9BB /* ActionButtonsView.swift in Sources */,
				FF1EFD6129E719A400B7B9BB /* ItemsViewModel.swift in Sources */,
				FF1EFD6429E719EE00B7B9BB /* Post.swift in Sources */,
			);
			runOnlyForDeploymentPostprocessing = 0;
		};
/* End PBXSourcesBuildPhase section */

/* Begin XCBuildConfiguration section */
		FF1EFD5A29E7042100B7B9BB /* Debug */ = {
			isa = XCBuildConfiguration;
			buildSettings = {
				ALWAYS_SEARCH_USER_PATHS = NO;
				CLANG_ANALYZER_NONNULL = YES;
				CLANG_ANALYZER_NUMBER_OBJECT_CONVERSION = YES_AGGRESSIVE;
				CLANG_CXX_LANGUAGE_STANDARD = "gnu++20";
				CLANG_ENABLE_MODULES = YES;
				CLANG_ENABLE_OBJC_ARC = YES;
				CLANG_ENABLE_OBJC_WEAK = YES;
				CLANG_WARN_BLOCK_CAPTURE_AUTORELEASING = YES;
				CLANG_WARN_BOOL_CONVERSION = YES;
				CLANG_WARN_COMMA = YES;
				CLANG_WARN_CONSTANT_CONVERSION = YES;
				CLANG_WARN_DEPRECATED_OBJC_IMPLEMENTATIONS = YES;
				CLANG_WARN_DIRECT_OBJC_ISA_USAGE = YES_ERROR;
				CLANG_WARN_DOCUMENTATION_COMMENTS = YES;
				CLANG_WARN_EMPTY_BODY = YES;
				CLANG_WARN_ENUM_CONVERSION = YES;
				CLANG_WARN_INFINITE_RECURSION = YES;
				CLANG_WARN_INT_CONVERSION = YES;
				CLANG_WARN_NON_LITERAL_NULL_CONVERSION = YES;
				CLANG_WARN_OBJC_IMPLICIT_RETAIN_SELF = YES;
				CLANG_WARN_OBJC_LITERAL_CONVERSION = YES;
				CLANG_WARN_OBJC_ROOT_CLASS = YES_ERROR;
				CLANG_WARN_QUOTED_INCLUDE_IN_FRAMEWORK_HEADER = YES;
				CLANG_WARN_RANGE_LOOP_ANALYSIS = YES;
				CLANG_WARN_STRICT_PROTOTYPES = YES;
				CLANG_WARN_SUSPICIOUS_MOVE = YES;
				CLANG_WARN_UNGUARDED_AVAILABILITY = YES_AGGRESSIVE;
				CLANG_WARN_UNREACHABLE_CODE = YES;
				CLANG_WARN__DUPLICATE_METHOD_MATCH = YES;
				COPY_PHASE_STRIP = NO;
				DEBUG_INFORMATION_FORMAT = dwarf;
				ENABLE_STRICT_OBJC_MSGSEND = YES;
				ENABLE_TESTABILITY = YES;
				GCC_C_LANGUAGE_STANDARD = gnu11;
				GCC_DYNAMIC_NO_PIC = NO;
				GCC_NO_COMMON_BLOCKS = YES;
				GCC_OPTIMIZATION_LEVEL = 0;
				GCC_PREPROCESSOR_DEFINITIONS = (
					"DEBUG=1",
					"$(inherited)",
				);
				GCC_WARN_64_TO_32_BIT_CONVERSION = YES;
				GCC_WARN_ABOUT_RETURN_TYPE = YES_ERROR;
				GCC_WARN_UNDECLARED_SELECTOR = YES;
				GCC_WARN_UNINITIALIZED_AUTOS = YES_AGGRESSIVE;
				GCC_WARN_UNUSED_FUNCTION = YES;
				GCC_WARN_UNUSED_VARIABLE = YES;
				IPHONEOS_DEPLOYMENT_TARGET = 16.4;
				MTL_ENABLE_DEBUG_INFO = INCLUDE_SOURCE;
				MTL_FAST_MATH = YES;
				ONLY_ACTIVE_ARCH = YES;
				SDKROOT = iphoneos;
				SWIFT_ACTIVE_COMPILATION_CONDITIONS = DEBUG;
				SWIFT_OPTIMIZATION_LEVEL = "-Onone";
			};
			name = Debug;
		};
		FF1EFD5B29E7042100B7B9BB /* Release */ = {
			isa = XCBuildConfiguration;
			buildSettings = {
				ALWAYS_SEARCH_USER_PATHS = NO;
				CLANG_ANALYZER_NONNULL = YES;
				CLANG_ANALYZER_NUMBER_OBJECT_CONVERSION = YES_AGGRESSIVE;
				CLANG_CXX_LANGUAGE_STANDARD = "gnu++20";
				CLANG_ENABLE_MODULES = YES;
				CLANG_ENABLE_OBJC_ARC = YES;
				CLANG_ENABLE_OBJC_WEAK = YES;
				CLANG_WARN_BLOCK_CAPTURE_AUTORELEASING = YES;
				CLANG_WARN_BOOL_CONVERSION = YES;
				CLANG_WARN_COMMA = YES;
				CLANG_WARN_CONSTANT_CONVERSION = YES;
				CLANG_WARN_DEPRECATED_OBJC_IMPLEMENTATIONS = YES;
				CLANG_WARN_DIRECT_OBJC_ISA_USAGE = YES_ERROR;
				CLANG_WARN_DOCUMENTATION_COMMENTS = YES;
				CLANG_WARN_EMPTY_BODY = YES;
				CLANG_WARN_ENUM_CONVERSION = YES;
				CLANG_WARN_INFINITE_RECURSION = YES;
				CLANG_WARN_INT_CONVERSION = YES;
				CLANG_WARN_NON_LITERAL_NULL_CONVERSION = YES;
				CLANG_WARN_OBJC_IMPLICIT_RETAIN_SELF = YES;
				CLANG_WARN_OBJC_LITERAL_CONVERSION = YES;
				CLANG_WARN_OBJC_ROOT_CLASS = YES_ERROR;
				CLANG_WARN_QUOTED_INCLUDE_IN_FRAMEWORK_HEADER = YES;
				CLANG_WARN_RANGE_LOOP_ANALYSIS = YES;
				CLANG_WARN_STRICT_PROTOTYPES = YES;
				CLANG_WARN_SUSPICIOUS_MOVE = YES;
				CLANG_WARN_UNGUARDED_AVAILABILITY = YES_AGGRESSIVE;
				CLANG_WARN_UNREACHABLE_CODE = YES;
				CLANG_WARN__DUPLICATE_METHOD_MATCH = YES;
				COPY_PHASE_STRIP = NO;
				DEBUG_INFORMATION_FORMAT = "dwarf-with-dsym";
				ENABLE_NS_ASSERTIONS = NO;
				ENABLE_STRICT_OBJC_MSGSEND = YES;
				GCC_C_LANGUAGE_STANDARD = gnu11;
				GCC_NO_COMMON_BLOCKS = YES;
				GCC_WARN_64_TO_32_BIT_CONVERSION = YES;
				GCC_WARN_ABOUT_RETURN_TYPE = YES_ERROR;
				GCC_WARN_UNDECLARED_SELECTOR = YES;
				GCC_WARN_UNINITIALIZED_AUTOS = YES_AGGRESSIVE;
				GCC_WARN_UNUSED_FUNCTION = YES;
				GCC_WARN_UNUSED_VARIABLE = YES;
				IPHONEOS_DEPLOYMENT_TARGET = 16.4;
				MTL_ENABLE_DEBUG_INFO = NO;
				MTL_FAST_MATH = YES;
				SDKROOT = iphoneos;
				SWIFT_COMPILATION_MODE = wholemodule;
				SWIFT_OPTIMIZATION_LEVEL = "-O";
				VALIDATE_PRODUCT = YES;
			};
			name = Release;
		};
		FF1EFD5D29E7042100B7B9BB /* Debug */ = {
			isa = XCBuildConfiguration;
			buildSettings = {
				ASSETCATALOG_COMPILER_APPICON_NAME = AppIcon;
				ASSETCATALOG_COMPILER_GLOBAL_ACCENT_COLOR_NAME = AccentColor;
				CODE_SIGN_STYLE = Automatic;
				CURRENT_PROJECT_VERSION = 1;
				DEVELOPMENT_ASSET_PATHS = "\"ObservableViewModelSample/Preview Content\"";
				DEVELOPMENT_TEAM = D553RDKA55;
				ENABLE_PREVIEWS = YES;
				GENERATE_INFOPLIST_FILE = YES;
				INFOPLIST_KEY_UIApplicationSceneManifest_Generation = YES;
				INFOPLIST_KEY_UIApplicationSupportsIndirectInputEvents = YES;
				INFOPLIST_KEY_UILaunchScreen_Generation = YES;
				INFOPLIST_KEY_UISupportedInterfaceOrientations_iPad = "UIInterfaceOrientationPortrait UIInterfaceOrientationPortraitUpsideDown UIInterfaceOrientationLandscapeLeft UIInterfaceOrientationLandscapeRight";
				INFOPLIST_KEY_UISupportedInterfaceOrientations_iPhone = "UIInterfaceOrientationPortrait UIInterfaceOrientationLandscapeLeft UIInterfaceOrientationLandscapeRight";
				LD_RUNPATH_SEARCH_PATHS = (
					"$(inherited)",
					"@executable_path/Frameworks",
				);
				MARKETING_VERSION = 1.0;
				PRODUCT_BUNDLE_IDENTIFIER = manu.salinas.ObservableViewModelSample;
				PRODUCT_NAME = "$(TARGET_NAME)";
				SWIFT_EMIT_LOC_STRINGS = YES;
				SWIFT_VERSION = 5.0;
				TARGETED_DEVICE_FAMILY = "1,2";
			};
			name = Debug;
		};
		FF1EFD5E29E7042100B7B9BB /* Release */ = {
			isa = XCBuildConfiguration;
			buildSettings = {
				ASSETCATALOG_COMPILER_APPICON_NAME = AppIcon;
				ASSETCATALOG_COMPILER_GLOBAL_ACCENT_COLOR_NAME = AccentColor;
				CODE_SIGN_STYLE = Automatic;
				CURRENT_PROJECT_VERSION = 1;
				DEVELOPMENT_ASSET_PATHS = "\"ObservableViewModelSample/Preview Content\"";
				DEVELOPMENT_TEAM = D553RDKA55;
				ENABLE_PREVIEWS = YES;
				GENERATE_INFOPLIST_FILE = YES;
				INFOPLIST_KEY_UIApplicationSceneManifest_Generation = YES;
				INFOPLIST_KEY_UIApplicationSupportsIndirectInputEvents = YES;
				INFOPLIST_KEY_UILaunchScreen_Generation = YES;
				INFOPLIST_KEY_UISupportedInterfaceOrientations_iPad = "UIInterfaceOrientationPortrait UIInterfaceOrientationPortraitUpsideDown UIInterfaceOrientationLandscapeLeft UIInterfaceOrientationLandscapeRight";
				INFOPLIST_KEY_UISupportedInterfaceOrientations_iPhone = "UIInterfaceOrientationPortrait UIInterfaceOrientationLandscapeLeft UIInterfaceOrientationLandscapeRight";
				LD_RUNPATH_SEARCH_PATHS = (
					"$(inherited)",
					"@executable_path/Frameworks",
				);
				MARKETING_VERSION = 1.0;
				PRODUCT_BUNDLE_IDENTIFIER = manu.salinas.ObservableViewModelSample;
				PRODUCT_NAME = "$(TARGET_NAME)";
				SWIFT_EMIT_LOC_STRINGS = YES;
				SWIFT_VERSION = 5.0;
				TARGETED_DEVICE_FAMILY = "1,2";
			};
			name = Release;
		};
/* End XCBuildConfiguration section */

/* Begin XCConfigurationList section */
		FF1EFD4929E7042000B7B9BB /* Build configuration list for PBXProject "ObservableViewModelSample" */ = {
			isa = XCConfigurationList;
			buildConfigurations = (
				FF1EFD5A29E7042100B7B9BB /* Debug */,
				FF1EFD5B29E7042100B7B9BB /* Release */,
			);
			defaultConfigurationIsVisible = 0;
			defaultConfigurationName = Release;
		};
		FF1EFD5C29E7042100B7B9BB /* Build configuration list for PBXNativeTarget "ObservableViewModelSample" */ = {
			isa = XCConfigurationList;
			buildConfigurations = (
				FF1EFD5D29E7042100B7B9BB /* Debug */,
				FF1EFD5E29E7042100B7B9BB /* Release */,
			);
			defaultConfigurationIsVisible = 0;
			defaultConfigurationName = Release;
		};
/* End XCConfigurationList section */
	};
	rootObject = FF1EFD4629E7042000B7B9BB /* Project object */;
}
