// !$*UTF8*$!
{
	archiveVersion = 1;
	classes = {
	};
	objectVersion = 56;
	objects = {

/* Begin PBXBuildFile section */
		FFB827B22B0D670C008E6BA0 /* UnavailableContentView.swift in Sources */ = {isa = PBXBuildFile; fileRef = FFB827B12B0D670C008E6BA0 /* UnavailableContentView.swift */; };
		FFB827B42B0D6E17008E6BA0 /* ButtonsView.swift in Sources */ = {isa = PBXBuildFile; fileRef = FFB827B32B0D6E17008E6BA0 /* ButtonsView.swift */; };
		FFC480D02B0D443800F3DA54 /* ComponentsApp.swift in Sources */ = {isa = PBXBuildFile; fileRef = FFC480CF2B0D443800F3DA54 /* ComponentsApp.swift */; };
		FFC480D22B0D443800F3DA54 /* ContentView.swift in Sources */ = {isa = PBXBuildFile; fileRef = FFC480D12B0D443800F3DA54 /* ContentView.swift */; };
		FFC480D42B0D443900F3DA54 /* Assets.xcassets in Resources */ = {isa = PBXBuildFile; fileRef = FFC480D32B0D443900F3DA54 /* Assets.xcassets */; };
		FFC480D72B0D443900F3DA54 /* Preview Assets.xcassets in Resources */ = {isa = PBXBuildFile; fileRef = FFC480D62B0D443900F3DA54 /* Preview Assets.xcassets */; };
		FFC480DF2B0D44A700F3DA54 /* Component.swift in Sources */ = {isa = PBXBuildFile; fileRef = FFC480DE2B0D44A700F3DA54 /* Component.swift */; };
		FFC480E32B0D548900F3DA54 /* ListView.swift in Sources */ = {isa = PBXBuildFile; fileRef = FFC480E22B0D548900F3DA54 /* ListView.swift */; };
		FFC480E52B0D594B00F3DA54 /* GroupBoxView.swift in Sources */ = {isa = PBXBuildFile; fileRef = FFC480E42B0D594B00F3DA54 /* GroupBoxView.swift */; };
		FFC480E82B0D5D6900F3DA54 /* BlueNavigationModifier.swift in Sources */ = {isa = PBXBuildFile; fileRef = FFC480E72B0D5D6900F3DA54 /* BlueNavigationModifier.swift */; };
/* End PBXBuildFile section */

/* Begin PBXFileReference section */
		FFB827B12B0D670C008E6BA0 /* UnavailableContentView.swift */ = {isa = PBXFileReference; lastKnownFileType = sourcecode.swift; path = UnavailableContentView.swift; sourceTree = "<group>"; };
		FFB827B32B0D6E17008E6BA0 /* ButtonsView.swift */ = {isa = PBXFileReference; lastKnownFileType = sourcecode.swift; path = ButtonsView.swift; sourceTree = "<group>"; };
		FFC480CC2B0D443800F3DA54 /* Components.app */ = {isa = PBXFileReference; explicitFileType = wrapper.application; includeInIndex = 0; path = Components.app; sourceTree = BUILT_PRODUCTS_DIR; };
		FFC480CF2B0D443800F3DA54 /* ComponentsApp.swift */ = {isa = PBXFileReference; lastKnownFileType = sourcecode.swift; path = ComponentsApp.swift; sourceTree = "<group>"; };
		FFC480D12B0D443800F3DA54 /* ContentView.swift */ = {isa = PBXFileReference; lastKnownFileType = sourcecode.swift; path = ContentView.swift; sourceTree = "<group>"; };
		FFC480D32B0D443900F3DA54 /* Assets.xcassets */ = {isa = PBXFileReference; lastKnownFileType = folder.assetcatalog; path = Assets.xcassets; sourceTree = "<group>"; };
		FFC480D62B0D443900F3DA54 /* Preview Assets.xcassets */ = {isa = PBXFileReference; lastKnownFileType = folder.assetcatalog; path = "Preview Assets.xcassets"; sourceTree = "<group>"; };
		FFC480DE2B0D44A700F3DA54 /* Component.swift */ = {isa = PBXFileReference; lastKnownFileType = sourcecode.swift; path = Component.swift; sourceTree = "<group>"; };
		FFC480E22B0D548900F3DA54 /* ListView.swift */ = {isa = PBXFileReference; lastKnownFileType = sourcecode.swift; path = ListView.swift; sourceTree = "<group>"; };
		FFC480E42B0D594B00F3DA54 /* GroupBoxView.swift */ = {isa = PBXFileReference; lastKnownFileType = sourcecode.swift; path = GroupBoxView.swift; sourceTree = "<group>"; };
		FFC480E72B0D5D6900F3DA54 /* BlueNavigationModifier.swift */ = {isa = PBXFileReference; lastKnownFileType = sourcecode.swift; path = BlueNavigationModifier.swift; sourceTree = "<group>"; };
/* End PBXFileReference section */

/* Begin PBXFrameworksBuildPhase section */
		FFC480C92B0D443800F3DA54 /* Frameworks */ = {
			isa = PBXFrameworksBuildPhase;
			buildActionMask = 2147483647;
			files = (
			);
			runOnlyForDeploymentPostprocessing = 0;
		};
/* End PBXFrameworksBuildPhase section */

/* Begin PBXGroup section */
		FFC480C32B0D443800F3DA54 = {
			isa = PBXGroup;
			children = (
				FFC480CE2B0D443800F3DA54 /* Components */,
				FFC480CD2B0D443800F3DA54 /* Products */,
			);
			sourceTree = "<group>";
		};
		FFC480CD2B0D443800F3DA54 /* Products */ = {
			isa = PBXGroup;
			children = (
				FFC480CC2B0D443800F3DA54 /* Components.app */,
			);
			name = Products;
			sourceTree = "<group>";
		};
		FFC480CE2B0D443800F3DA54 /* Components */ = {
			isa = PBXGroup;
			children = (
				FFC480CF2B0D443800F3DA54 /* ComponentsApp.swift */,
				FFC480E62B0D5D4500F3DA54 /* ViewModifiers */,
				FFC480DD2B0D448900F3DA54 /* Models */,
				FFC480E12B0D533200F3DA54 /* DetailViews */,
				FFC480D12B0D443800F3DA54 /* ContentView.swift */,
				FFC480D32B0D443900F3DA54 /* Assets.xcassets */,
				FFC480D52B0D443900F3DA54 /* Preview Content */,
			);
			path = Components;
			sourceTree = "<group>";
		};
		FFC480D52B0D443900F3DA54 /* Preview Content */ = {
			isa = PBXGroup;
			children = (
				FFC480D62B0D443900F3DA54 /* Preview Assets.xcassets */,
			);
			path = "Preview Content";
			sourceTree = "<group>";
		};
		FFC480DD2B0D448900F3DA54 /* Models */ = {
			isa = PBXGroup;
			children = (
				FFC480DE2B0D44A700F3DA54 /* Component.swift */,
			);
			path = Models;
			sourceTree = "<group>";
		};
		FFC480E12B0D533200F3DA54 /* DetailViews */ = {
			isa = PBXGroup;
			children = (
				FFC480E22B0D548900F3DA54 /* ListView.swift */,
				FFC480E42B0D594B00F3DA54 /* GroupBoxView.swift */,
				FFB827B12B0D670C008E6BA0 /* UnavailableContentView.swift */,
				FFB827B32B0D6E17008E6BA0 /* ButtonsView.swift */,
			);
			path = DetailViews;
			sourceTree = "<group>";
		};
		FFC480E62B0D5D4500F3DA54 /* ViewModifiers */ = {
			isa = PBXGroup;
			children = (
				FFC480E72B0D5D6900F3DA54 /* BlueNavigationModifier.swift */,
			);
			path = ViewModifiers;
			sourceTree = "<group>";
		};
/* End PBXGroup section */

/* Begin PBXNativeTarget section */
		FFC480CB2B0D443800F3DA54 /* Components */ = {
			isa = PBXNativeTarget;
			buildConfigurationList = FFC480DA2B0D443900F3DA54 /* Build configuration list for PBXNativeTarget "Components" */;
			buildPhases = (
				FFC480C82B0D443800F3DA54 /* Sources */,
				FFC480C92B0D443800F3DA54 /* Frameworks */,
				FFC480CA2B0D443800F3DA54 /* Resources */,
			);
			buildRules = (
			);
			dependencies = (
			);
			name = Components;
			productName = Components;
			productReference = FFC480CC2B0D443800F3DA54 /* Components.app */;
			productType = "com.apple.product-type.application";
		};
/* End PBXNativeTarget section */

/* Begin PBXProject section */
		FFC480C42B0D443800F3DA54 /* Project object */ = {
			isa = PBXProject;
			attributes = {
				BuildIndependentTargetsInParallel = 1;
				LastSwiftUpdateCheck = 1500;
				LastUpgradeCheck = 1500;
				TargetAttributes = {
					FFC480CB2B0D443800F3DA54 = {
						CreatedOnToolsVersion = 15.0.1;
					};
				};
			};
			buildConfigurationList = FFC480C72B0D443800F3DA54 /* Build configuration list for PBXProject "Components" */;
			compatibilityVersion = "Xcode 14.0";
			developmentRegion = en;
			hasScannedForEncodings = 0;
			knownRegions = (
				en,
				Base,
			);
			mainGroup = FFC480C32B0D443800F3DA54;
			productRefGroup = FFC480CD2B0D443800F3DA54 /* Products */;
			projectDirPath = "";
			projectRoot = "";
			targets = (
				FFC480CB2B0D443800F3DA54 /* Components */,
			);
		};
/* End PBXProject section */

/* Begin PBXResourcesBuildPhase section */
		FFC480CA2B0D443800F3DA54 /* Resources */ = {
			isa = PBXResourcesBuildPhase;
			buildActionMask = 2147483647;
			files = (
				FFC480D72B0D443900F3DA54 /* Preview Assets.xcassets in Resources */,
				FFC480D42B0D443900F3DA54 /* Assets.xcassets in Resources */,
			);
			runOnlyForDeploymentPostprocessing = 0;
		};
/* End PBXResourcesBuildPhase section */

/* Begin PBXSourcesBuildPhase section */
		FFC480C82B0D443800F3DA54 /* Sources */ = {
			isa = PBXSourcesBuildPhase;
			buildActionMask = 2147483647;
			files = (
				FFC480E32B0D548900F3DA54 /* ListView.swift in Sources */,
				FFC480D22B0D443800F3DA54 /* ContentView.swift in Sources */,
				FFC480E82B0D5D6900F3DA54 /* BlueNavigationModifier.swift in Sources */,
				FFC480DF2B0D44A700F3DA54 /* Component.swift in Sources */,
				FFB827B22B0D670C008E6BA0 /* UnavailableContentView.swift in Sources */,
				FFC480E52B0D594B00F3DA54 /* GroupBoxView.swift in Sources */,
				FFB827B42B0D6E17008E6BA0 /* ButtonsView.swift in Sources */,
				FFC480D02B0D443800F3DA54 /* ComponentsApp.swift in Sources */,
			);
			runOnlyForDeploymentPostprocessing = 0;
		};
/* End PBXSourcesBuildPhase section */

/* Begin XCBuildConfiguration section */
		FFC480D82B0D443900F3DA54 /* Debug */ = {
			isa = XCBuildConfiguration;
			buildSettings = {
				ALWAYS_SEARCH_USER_PATHS = NO;
				ASSETCATALOG_COMPILER_GENERATE_SWIFT_ASSET_SYMBOL_EXTENSIONS = YES;
				CLANG_ANALYZER_NONNULL = YES;
				CLANG_ANALYZER_NUMBER_OBJECT_CONVERSION = YES_AGGRESSIVE;
				CLANG_CXX_LANGUAGE_STANDARD = "gnu++20";
				CLANG_ENABLE_MODULES = YES;
				CLANG_ENABLE_OBJC_ARC = YES;
				CLANG_ENABLE_OBJC_WEAK = YES;
				CLANG_WARN_BLOCK_CAPTURE_AUTORELEASING = YES;
				CLANG_WARN_BOOL_CONVERSION = YES;
				CLANG_WARN_COMMA = YES;
				CLANG_WARN_CONSTANT_CONVERSION = YES;
				CLANG_WARN_DEPRECATED_OBJC_IMPLEMENTATIONS = YES;
				CLANG_WARN_DIRECT_OBJC_ISA_USAGE = YES_ERROR;
				CLANG_WARN_DOCUMENTATION_COMMENTS = YES;
				CLANG_WARN_EMPTY_BODY = YES;
				CLANG_WARN_ENUM_CONVERSION = YES;
				CLANG_WARN_INFINITE_RECURSION = YES;
				CLANG_WARN_INT_CONVERSION = YES;
				CLANG_WARN_NON_LITERAL_NULL_CONVERSION = YES;
				CLANG_WARN_OBJC_IMPLICIT_RETAIN_SELF = YES;
				CLANG_WARN_OBJC_LITERAL_CONVERSION = YES;
				CLANG_WARN_OBJC_ROOT_CLASS = YES_ERROR;
				CLANG_WARN_QUOTED_INCLUDE_IN_FRAMEWORK_HEADER = YES;
				CLANG_WARN_RANGE_LOOP_ANALYSIS = YES;
				CLANG_WARN_STRICT_PROTOTYPES = YES;
				CLANG_WARN_SUSPICIOUS_MOVE = YES;
				CLANG_WARN_UNGUARDED_AVAILABILITY = YES_AGGRESSIVE;
				CLANG_WARN_UNREACHABLE_CODE = YES;
				CLANG_WARN__DUPLICATE_METHOD_MATCH = YES;
				COPY_PHASE_STRIP = NO;
				DEBUG_INFORMATION_FORMAT = dwarf;
				ENABLE_STRICT_OBJC_MSGSEND = YES;
				ENABLE_TESTABILITY = YES;
				ENABLE_USER_SCRIPT_SANDBOXING = YES;
				GCC_C_LANGUAGE_STANDARD = gnu17;
				GCC_DYNAMIC_NO_PIC = NO;
				GCC_NO_COMMON_BLOCKS = YES;
				GCC_OPTIMIZATION_LEVEL = 0;
				GCC_PREPROCESSOR_DEFINITIONS = (
					"DEBUG=1",
					"$(inherited)",
				);
				GCC_WARN_64_TO_32_BIT_CONVERSION = YES;
				GCC_WARN_ABOUT_RETURN_TYPE = YES_ERROR;
				GCC_WARN_UNDECLARED_SELECTOR = YES;
				GCC_WARN_UNINITIALIZED_AUTOS = YES_AGGRESSIVE;
				GCC_WARN_UNUSED_FUNCTION = YES;
				GCC_WARN_UNUSED_VARIABLE = YES;
				IPHONEOS_DEPLOYMENT_TARGET = 17.0;
				LOCALIZATION_PREFERS_STRING_CATALOGS = YES;
				MTL_ENABLE_DEBUG_INFO = INCLUDE_SOURCE;
				MTL_FAST_MATH = YES;
				ONLY_ACTIVE_ARCH = YES;
				SDKROOT = iphoneos;
				SWIFT_ACTIVE_COMPILATION_CONDITIONS = "DEBUG $(inherited)";
				SWIFT_OPTIMIZATION_LEVEL = "-Onone";
			};
			name = Debug;
		};
		FFC480D92B0D443900F3DA54 /* Release */ = {
			isa = XCBuildConfiguration;
			buildSettings = {
				ALWAYS_SEARCH_USER_PATHS = NO;
				ASSETCATALOG_COMPILER_GENERATE_SWIFT_ASSET_SYMBOL_EXTENSIONS = YES;
				CLANG_ANALYZER_NONNULL = YES;
				CLANG_ANALYZER_NUMBER_OBJECT_CONVERSION = YES_AGGRESSIVE;
				CLANG_CXX_LANGUAGE_STANDARD = "gnu++20";
				CLANG_ENABLE_MODULES = YES;
				CLANG_ENABLE_OBJC_ARC = YES;
				CLANG_ENABLE_OBJC_WEAK = YES;
				CLANG_WARN_BLOCK_CAPTURE_AUTORELEASING = YES;
				CLANG_WARN_BOOL_CONVERSION = YES;
				CLANG_WARN_COMMA = YES;
				CLANG_WARN_CONSTANT_CONVERSION = YES;
				CLANG_WARN_DEPRECATED_OBJC_IMPLEMENTATIONS = YES;
				CLANG_WARN_DIRECT_OBJC_ISA_USAGE = YES_ERROR;
				CLANG_WARN_DOCUMENTATION_COMMENTS = YES;
				CLANG_WARN_EMPTY_BODY = YES;
				CLANG_WARN_ENUM_CONVERSION = YES;
				CLANG_WARN_INFINITE_RECURSION = YES;
				CLANG_WARN_INT_CONVERSION = YES;
				CLANG_WARN_NON_LITERAL_NULL_CONVERSION = YES;
				CLANG_WARN_OBJC_IMPLICIT_RETAIN_SELF = YES;
				CLANG_WARN_OBJC_LITERAL_CONVERSION = YES;
				CLANG_WARN_OBJC_ROOT_CLASS = YES_ERROR;
				CLANG_WARN_QUOTED_INCLUDE_IN_FRAMEWORK_HEADER = YES;
				CLANG_WARN_RANGE_LOOP_ANALYSIS = YES;
				CLANG_WARN_STRICT_PROTOTYPES = YES;
				CLANG_WARN_SUSPICIOUS_MOVE = YES;
				CLANG_WARN_UNGUARDED_AVAILABILITY = YES_AGGRESSIVE;
				CLANG_WARN_UNREACHABLE_CODE = YES;
				CLANG_WARN__DUPLICATE_METHOD_MATCH = YES;
				COPY_PHASE_STRIP = NO;
				DEBUG_INFORMATION_FORMAT = "dwarf-with-dsym";
				ENABLE_NS_ASSERTIONS = NO;
				ENABLE_STRICT_OBJC_MSGSEND = YES;
				ENABLE_USER_SCRIPT_SANDBOXING = YES;
				GCC_C_LANGUAGE_STANDARD = gnu17;
				GCC_NO_COMMON_BLOCKS = YES;
				GCC_WARN_64_TO_32_BIT_CONVERSION = YES;
				GCC_WARN_ABOUT_RETURN_TYPE = YES_ERROR;
				GCC_WARN_UNDECLARED_SELECTOR = YES;
				GCC_WARN_UNINITIALIZED_AUTOS = YES_AGGRESSIVE;
				GCC_WARN_UNUSED_FUNCTION = YES;
				GCC_WARN_UNUSED_VARIABLE = YES;
				IPHONEOS_DEPLOYMENT_TARGET = 17.0;
				LOCALIZATION_PREFERS_STRING_CATALOGS = YES;
				MTL_ENABLE_DEBUG_INFO = NO;
				MTL_FAST_MATH = YES;
				SDKROOT = iphoneos;
				SWIFT_COMPILATION_MODE = wholemodule;
				VALIDATE_PRODUCT = YES;
			};
			name = Release;
		};
		FFC480DB2B0D443900F3DA54 /* Debug */ = {
			isa = XCBuildConfiguration;
			buildSettings = {
				ASSETCATALOG_COMPILER_APPICON_NAME = AppIcon;
				ASSETCATALOG_COMPILER_GLOBAL_ACCENT_COLOR_NAME = AccentColor;
				CODE_SIGN_STYLE = Automatic;
				CURRENT_PROJECT_VERSION = 1;
				DEVELOPMENT_ASSET_PATHS = "\"Components/Preview Content\"";
				DEVELOPMENT_TEAM = D553RDKA55;
				ENABLE_PREVIEWS = YES;
				GENERATE_INFOPLIST_FILE = YES;
				INFOPLIST_KEY_UIApplicationSceneManifest_Generation = YES;
				INFOPLIST_KEY_UIApplicationSupportsIndirectInputEvents = YES;
				INFOPLIST_KEY_UILaunchScreen_Generation = YES;
				INFOPLIST_KEY_UISupportedInterfaceOrientations_iPad = "UIInterfaceOrientationPortrait UIInterfaceOrientationPortraitUpsideDown UIInterfaceOrientationLandscapeLeft UIInterfaceOrientationLandscapeRight";
				INFOPLIST_KEY_UISupportedInterfaceOrientations_iPhone = "UIInterfaceOrientationPortrait UIInterfaceOrientationLandscapeLeft UIInterfaceOrientationLandscapeRight";
				LD_RUNPATH_SEARCH_PATHS = (
					"$(inherited)",
					"@executable_path/Frameworks",
				);
				MARKETING_VERSION = 1.0;
				PRODUCT_BUNDLE_IDENTIFIER = manu.Components;
				PRODUCT_NAME = "$(TARGET_NAME)";
				SWIFT_EMIT_LOC_STRINGS = YES;
				SWIFT_VERSION = 5.0;
				TARGETED_DEVICE_FAMILY = "1,2";
			};
			name = Debug;
		};
		FFC480DC2B0D443900F3DA54 /* Release */ = {
			isa = XCBuildConfiguration;
			buildSettings = {
				ASSETCATALOG_COMPILER_APPICON_NAME = AppIcon;
				ASSETCATALOG_COMPILER_GLOBAL_ACCENT_COLOR_NAME = AccentColor;
				CODE_SIGN_STYLE = Automatic;
				CURRENT_PROJECT_VERSION = 1;
				DEVELOPMENT_ASSET_PATHS = "\"Components/Preview Content\"";
				DEVELOPMENT_TEAM = D553RDKA55;
				ENABLE_PREVIEWS = YES;
				GENERATE_INFOPLIST_FILE = YES;
				INFOPLIST_KEY_UIApplicationSceneManifest_Generation = YES;
				INFOPLIST_KEY_UIApplicationSupportsIndirectInputEvents = YES;
				INFOPLIST_KEY_UILaunchScreen_Generation = YES;
				INFOPLIST_KEY_UISupportedInterfaceOrientations_iPad = "UIInterfaceOrientationPortrait UIInterfaceOrientationPortraitUpsideDown UIInterfaceOrientationLandscapeLeft UIInterfaceOrientationLandscapeRight";
				INFOPLIST_KEY_UISupportedInterfaceOrientations_iPhone = "UIInterfaceOrientationPortrait UIInterfaceOrientationLandscapeLeft UIInterfaceOrientationLandscapeRight";
				LD_RUNPATH_SEARCH_PATHS = (
					"$(inherited)",
					"@executable_path/Frameworks",
				);
				MARKETING_VERSION = 1.0;
				PRODUCT_BUNDLE_IDENTIFIER = manu.Components;
				PRODUCT_NAME = "$(TARGET_NAME)";
				SWIFT_EMIT_LOC_STRINGS = YES;
				SWIFT_VERSION = 5.0;
				TARGETED_DEVICE_FAMILY = "1,2";
			};
			name = Release;
		};
/* End XCBuildConfiguration section */

/* Begin XCConfigurationList section */
		FFC480C72B0D443800F3DA54 /* Build configuration list for PBXProject "Components" */ = {
			isa = XCConfigurationList;
			buildConfigurations = (
				FFC480D82B0D443900F3DA54 /* Debug */,
				FFC480D92B0D443900F3DA54 /* Release */,
			);
			defaultConfigurationIsVisible = 0;
			defaultConfigurationName = Release;
		};
		FFC480DA2B0D443900F3DA54 /* Build configuration list for PBXNativeTarget "Components" */ = {
			isa = XCConfigurationList;
			buildConfigurations = (
				FFC480DB2B0D443900F3DA54 /* Debug */,
				FFC480DC2B0D443900F3DA54 /* Release */,
			);
			defaultConfigurationIsVisible = 0;
			defaultConfigurationName = Release;
		};
/* End XCConfigurationList section */
	};
	rootObject = FFC480C42B0D443800F3DA54 /* Project object */;
}
